
Microsoft Visual Studio Solution File, Format Version 12.00
# Visual Studio Version 17
VisualStudioVersion = 17.3.32929.385
MinimumVisualStudioVersion = 10.0.40219.1
Project("{8BC9CEB8-8B4A-11D0-8D11-00A0C91BC942}") = "ConsoleApplication1", "Bench\Bench.vcxproj", "{AE7F8896-F9B4-44D4-B410-5FAF0BAA5B9E}"
EndProject
Global
	GlobalSection(SolutionConfigurationPlatforms) = preSolution
		Debug|x64 = Debug|x64
		Debug|x86 = Debug|x86
		Release|x64 = Release|x64
		Release|x86 = Release|x86
	EndGlobalSection
	GlobalSection(ProjectConfigurationPlatforms) = postSolution
		{AE7F8896-F9B4-44D4-B410-5FAF0BAA5B9E}.Debug|x64.ActiveCfg = Debug|x64
		{AE7F8896-F9B4-44D4-B410-5FAF0BAA5B9E}.Debug|x64.Build.0 = Debug|x64
		{AE7F8896-F9B4-44D4-B410-5FAF0BAA5B9E}.Debug|x86.ActiveCfg = Debug|Win32
		{AE7F8896-F9B4-44D4-B410-5FAF0BAA5B9E}.Debug|x86.Build.0 = Debug|Win32
		{AE7F8896-F9B4-44D4-B410-5FAF0BAA5B9E}.Release|x64.ActiveCfg = Release|x64
		{AE7F8896-F9B4-44D4-B410-5FAF0BAA5B9E}.Release|x64.Build.0 = Release|x64
		{AE7F8896-F9B4-44D4-B410-5FAF0BAA5B9E}.Release|x86.ActiveCfg = Release|Win32
		{AE7F8896-F9B4-44D4-B410-5FAF0BAA5B9E}.Release|x86.Build.0 = Release|Win32
	EndGlobalSection
	GlobalSection(SolutionProperties) = preSolution
		HideSolutionNode = FALSE
	EndGlobalSection
	GlobalSection(ExtensibilityGlobals) = postSolution
		SolutionGuid = {5EACB498-346C-43C7-AACC-C6E554E5929F}
	EndGlobalSection
EndGlobal
